
Microsoft Visual Studio Solution File, Format Version 12.00
# Visual Studio Express 2012 for Web
Project("{FAE04EC0-301F-11D3-BF4B-00C04F79EFBC}") = "CreateJS", "CreateJS\CreateJS.csproj", "{4F349C9C-FF5D-42A8-9F46-801B79DB5320}"
EndProject
Global
	GlobalSection(SolutionConfigurationPlatforms) = preSolution
		Release|Any CPU = Release|Any CPU
	EndGlobalSection
	GlobalSection(ProjectConfigurationPlatforms) = postSolution
		{4F349C9C-FF5D-42A8-9F46-801B79DB5320}.Release|Any CPU.ActiveCfg = Release|Any CPU
		{4F349C9C-FF5D-42A8-9F46-801B79DB5320}.Release|Any CPU.Build.0 = Release|Any CPU
	EndGlobalSection
	GlobalSection(SolutionProperties) = preSolution
		HideSolutionNode = FALSE
	EndGlobalSection
EndGlobal
